<Solution>
  <Folder Name="/src/">
    <Project Path="src/Intune.WipeMonitor.Agent/Intune.WipeMonitor.Agent.csproj" />
    <Project Path="src/Intune.WipeMonitor.Report/Intune.WipeMonitor.Report.csproj" />
    <Project Path="src/Intune.WipeMonitor.Shared/Intune.WipeMonitor.Shared.csproj" />
    <Project Path="src/Intune.WipeMonitor/Intune.WipeMonitor.csproj" />
  </Folder>
</Solution>
